
Microsoft Visual Studio Solution File, Format Version 12.00
Project("{FAE04EC0-301F-11D3-BF4B-00C04F79EFBC}") = "Transhumanism", "Transhumanism\Transhumanism.csproj", "{6D4F85F4-B952-4C3F-899C-9CE971B3D897}"
EndProject
Global
	GlobalSection(SolutionConfigurationPlatforms) = preSolution
		Debug|Any CPU = Debug|Any CPU
		Release|Any CPU = Release|Any CPU
	EndGlobalSection
	GlobalSection(ProjectConfigurationPlatforms) = postSolution
		{6D4F85F4-B952-4C3F-899C-9CE971B3D897}.Debug|Any CPU.ActiveCfg = Debug|Any CPU
		{6D4F85F4-B952-4C3F-899C-9CE971B3D897}.Debug|Any CPU.Build.0 = Debug|Any CPU
		{6D4F85F4-B952-4C3F-899C-9CE971B3D897}.Release|Any CPU.ActiveCfg = Release|Any CPU
		{6D4F85F4-B952-4C3F-899C-9CE971B3D897}.Release|Any CPU.Build.0 = Release|Any CPU
	EndGlobalSection
EndGlobal
